
Microsoft Visual Studio Solution File, Format Version 12.00
# Visual Studio 15
VisualStudioVersion = 15.0.28010.2016
MinimumVisualStudioVersion = 10.0.40219.1
Project("{8BC9CEB8-8B4A-11D0-8D11-00A0C91BC942}") = "btvn2", "btvn2\btvn2.vcxproj", "{9EF232B7-A30F-410F-B7BE-E85A0DF64121}"
EndProject
Project("{8BC9CEB8-8B4A-11D0-8D11-00A0C91BC942}") = "Project1", "Project1\Project1.vcxproj", "{ECD5AF3E-5819-4F17-9A27-52F6FDCF2355}"
EndProject
Project("{8BC9CEB8-8B4A-11D0-8D11-00A0C91BC942}") = "Browser_Image", "Browser_Image\Browser_Image.vcxproj", "{D2AA1E85-6F45-478A-9FEE-34976F27790C}"
EndProject
Global
	GlobalSection(SolutionConfigurationPlatforms) = preSolution
		Debug|x64 = Debug|x64
		Debug|x86 = Debug|x86
		Release|x64 = Release|x64
		Release|x86 = Release|x86
	EndGlobalSection
	GlobalSection(ProjectConfigurationPlatforms) = postSolution
		{9EF232B7-A30F-410F-B7BE-E85A0DF64121}.Debug|x64.ActiveCfg = Debug|x64
		{9EF232B7-A30F-410F-B7BE-E85A0DF64121}.Debug|x64.Build.0 = Debug|x64
		{9EF232B7-A30F-410F-B7BE-E85A0DF64121}.Debug|x86.ActiveCfg = Debug|Win32
		{9EF232B7-A30F-410F-B7BE-E85A0DF64121}.Debug|x86.Build.0 = Debug|Win32
		{9EF232B7-A30F-410F-B7BE-E85A0DF64121}.Release|x64.ActiveCfg = Release|x64
		{9EF232B7-A30F-410F-B7BE-E85A0DF64121}.Release|x64.Build.0 = Release|x64
		{9EF232B7-A30F-410F-B7BE-E85A0DF64121}.Release|x86.ActiveCfg = Release|Win32
		{9EF232B7-A30F-410F-B7BE-E85A0DF64121}.Release|x86.Build.0 = Release|Win32
		{ECD5AF3E-5819-4F17-9A27-52F6FDCF2355}.Debug|x64.ActiveCfg = Debug|x64
		{ECD5AF3E-5819-4F17-9A27-52F6FDCF2355}.Debug|x64.Build.0 = Debug|x64
		{ECD5AF3E-5819-4F17-9A27-52F6FDCF2355}.Debug|x86.ActiveCfg = Debug|Win32
		{ECD5AF3E-5819-4F17-9A27-52F6FDCF2355}.Debug|x86.Build.0 = Debug|Win32
		{ECD5AF3E-5819-4F17-9A27-52F6FDCF2355}.Release|x64.ActiveCfg = Release|x64
		{ECD5AF3E-5819-4F17-9A27-52F6FDCF2355}.Release|x64.Build.0 = Release|x64
		{ECD5AF3E-5819-4F17-9A27-52F6FDCF2355}.Release|x86.ActiveCfg = Release|Win32
		{ECD5AF3E-5819-4F17-9A27-52F6FDCF2355}.Release|x86.Build.0 = Release|Win32
		{D2AA1E85-6F45-478A-9FEE-34976F27790C}.Debug|x64.ActiveCfg = Debug|x64
		{D2AA1E85-6F45-478A-9FEE-34976F27790C}.Debug|x64.Build.0 = Debug|x64
		{D2AA1E85-6F45-478A-9FEE-34976F27790C}.Debug|x86.ActiveCfg = Debug|Win32
		{D2AA1E85-6F45-478A-9FEE-34976F27790C}.Debug|x86.Build.0 = Debug|Win32
		{D2AA1E85-6F45-478A-9FEE-34976F27790C}.Release|x64.ActiveCfg = Release|x64
		{D2AA1E85-6F45-478A-9FEE-34976F27790C}.Release|x64.Build.0 = Release|x64
		{D2AA1E85-6F45-478A-9FEE-34976F27790C}.Release|x86.ActiveCfg = Release|Win32
		{D2AA1E85-6F45-478A-9FEE-34976F27790C}.Release|x86.Build.0 = Release|Win32
	EndGlobalSection
	GlobalSection(SolutionProperties) = preSolution
		HideSolutionNode = FALSE
	EndGlobalSection
	GlobalSection(ExtensibilityGlobals) = postSolution
		SolutionGuid = {38C8CE55-18D4-4316-95C1-A0FEC352A51C}
	EndGlobalSection
EndGlobal
